
Microsoft Visual Studio Solution File, Format Version 12.00
# Visual Studio Version 17
VisualStudioVersion = 17.8.34309.116
MinimumVisualStudioVersion = 10.0.40219.1
Project("{9A19103F-16F7-4668-BE54-9A1E7A4F7556}") = "MpesaSdk", "MpesaSdk\MpesaSdk.csproj", "{51BC5B6C-315B-4E5B-BA12-0690FEBF037B}"
EndProject
Project("{2150E333-8FDC-42A3-9474-1A3956D46DE8}") = "Samples", "Samples", "{B78EB441-F42B-4035-AEF6-26315FB47285}"
EndProject
Project("{9A19103F-16F7-4668-BE54-9A1E7A4F7556}") = "MpesaSdk.Web", "Samples\MpesaSdk.Web\MpesaSdk.Web.csproj", "{A46F3C23-9A56-427C-9F8E-A2A6F6DD0AEE}"
EndProject
Project("{FAE04EC0-301F-11D3-BF4B-00C04F79EFBC}") = "MpesaMaui", "Samples\MpesaMaui\MpesaMaui.csproj", "{D848BA26-6435-46A4-AA59-AA77915C3E33}"
EndProject
Global
	GlobalSection(SolutionConfigurationPlatforms) = preSolution
		Debug|Any CPU = Debug|Any CPU
		Debug|ARM = Debug|ARM
		Debug|iPhone = Debug|iPhone
		Debug|iPhoneSimulator = Debug|iPhoneSimulator
		Debug|x64 = Debug|x64
		Debug|x86 = Debug|x86
		Release|Any CPU = Release|Any CPU
		Release|ARM = Release|ARM
		Release|iPhone = Release|iPhone
		Release|iPhoneSimulator = Release|iPhoneSimulator
		Release|x64 = Release|x64
		Release|x86 = Release|x86
	EndGlobalSection
	GlobalSection(ProjectConfigurationPlatforms) = postSolution
		{51BC5B6C-315B-4E5B-BA12-0690FEBF037B}.Debug|Any CPU.ActiveCfg = Debug|Any CPU
		{51BC5B6C-315B-4E5B-BA12-0690FEBF037B}.Debug|Any CPU.Build.0 = Debug|Any CPU
		{51BC5B6C-315B-4E5B-BA12-0690FEBF037B}.Debug|ARM.ActiveCfg = Debug|Any CPU
		{51BC5B6C-315B-4E5B-BA12-0690FEBF037B}.Debug|ARM.Build.0 = Debug|Any CPU
		{51BC5B6C-315B-4E5B-BA12-0690FEBF037B}.Debug|iPhone.ActiveCfg = Debug|Any CPU
		{51BC5B6C-315B-4E5B-BA12-0690FEBF037B}.Debug|iPhone.Build.0 = Debug|Any CPU
		{51BC5B6C-315B-4E5B-BA12-0690FEBF037B}.Debug|iPhoneSimulator.ActiveCfg = Debug|Any CPU
		{51BC5B6C-315B-4E5B-BA12-0690FEBF037B}.Debug|iPhoneSimulator.Build.0 = Debug|Any CPU
		{51BC5B6C-315B-4E5B-BA12-0690FEBF037B}.Debug|x64.ActiveCfg = Debug|Any CPU
		{51BC5B6C-315B-4E5B-BA12-0690FEBF037B}.Debug|x64.Build.0 = Debug|Any CPU
		{51BC5B6C-315B-4E5B-BA12-0690FEBF037B}.Debug|x86.ActiveCfg = Debug|Any CPU
		{51BC5B6C-315B-4E5B-BA12-0690FEBF037B}.Debug|x86.Build.0 = Debug|Any CPU
		{51BC5B6C-315B-4E5B-BA12-0690FEBF037B}.Release|Any CPU.ActiveCfg = Release|Any CPU
		{51BC5B6C-315B-4E5B-BA12-0690FEBF037B}.Release|Any CPU.Build.0 = Release|Any CPU
		{51BC5B6C-315B-4E5B-BA12-0690FEBF037B}.Release|ARM.ActiveCfg = Release|Any CPU
		{51BC5B6C-315B-4E5B-BA12-0690FEBF037B}.Release|ARM.Build.0 = Release|Any CPU
		{51BC5B6C-315B-4E5B-BA12-0690FEBF037B}.Release|iPhone.ActiveCfg = Release|Any CPU
		{51BC5B6C-315B-4E5B-BA12-0690FEBF037B}.Release|iPhone.Build.0 = Release|Any CPU
		{51BC5B6C-315B-4E5B-BA12-0690FEBF037B}.Release|iPhoneSimulator.ActiveCfg = Release|Any CPU
		{51BC5B6C-315B-4E5B-BA12-0690FEBF037B}.Release|iPhoneSimulator.Build.0 = Release|Any CPU
		{51BC5B6C-315B-4E5B-BA12-0690FEBF037B}.Release|x64.ActiveCfg = Release|Any CPU
		{51BC5B6C-315B-4E5B-BA12-0690FEBF037B}.Release|x64.Build.0 = Release|Any CPU
		{51BC5B6C-315B-4E5B-BA12-0690FEBF037B}.Release|x86.ActiveCfg = Release|Any CPU
		{51BC5B6C-315B-4E5B-BA12-0690FEBF037B}.Release|x86.Build.0 = Release|Any CPU
		{A46F3C23-9A56-427C-9F8E-A2A6F6DD0AEE}.Debug|Any CPU.ActiveCfg = Debug|Any CPU
		{A46F3C23-9A56-427C-9F8E-A2A6F6DD0AEE}.Debug|Any CPU.Build.0 = Debug|Any CPU
		{A46F3C23-9A56-427C-9F8E-A2A6F6DD0AEE}.Debug|ARM.ActiveCfg = Debug|Any CPU
		{A46F3C23-9A56-427C-9F8E-A2A6F6DD0AEE}.Debug|ARM.Build.0 = Debug|Any CPU
		{A46F3C23-9A56-427C-9F8E-A2A6F6DD0AEE}.Debug|iPhone.ActiveCfg = Debug|Any CPU
		{A46F3C23-9A56-427C-9F8E-A2A6F6DD0AEE}.Debug|iPhone.Build.0 = Debug|Any CPU
		{A46F3C23-9A56-427C-9F8E-A2A6F6DD0AEE}.Debug|iPhoneSimulator.ActiveCfg = Debug|Any CPU
		{A46F3C23-9A56-427C-9F8E-A2A6F6DD0AEE}.Debug|iPhoneSimulator.Build.0 = Debug|Any CPU
		{A46F3C23-9A56-427C-9F8E-A2A6F6DD0AEE}.Debug|x64.ActiveCfg = Debug|Any CPU
		{A46F3C23-9A56-427C-9F8E-A2A6F6DD0AEE}.Debug|x64.Build.0 = Debug|Any CPU
		{A46F3C23-9A56-427C-9F8E-A2A6F6DD0AEE}.Debug|x86.ActiveCfg = Debug|Any CPU
		{A46F3C23-9A56-427C-9F8E-A2A6F6DD0AEE}.Debug|x86.Build.0 = Debug|Any CPU
		{A46F3C23-9A56-427C-9F8E-A2A6F6DD0AEE}.Release|Any CPU.ActiveCfg = Release|Any CPU
		{A46F3C23-9A56-427C-9F8E-A2A6F6DD0AEE}.Release|Any CPU.Build.0 = Release|Any CPU
		{A46F3C23-9A56-427C-9F8E-A2A6F6DD0AEE}.Release|ARM.ActiveCfg = Release|Any CPU
		{A46F3C23-9A56-427C-9F8E-A2A6F6DD0AEE}.Release|ARM.Build.0 = Release|Any CPU
		{A46F3C23-9A56-427C-9F8E-A2A6F6DD0AEE}.Release|iPhone.ActiveCfg = Release|Any CPU
		{A46F3C23-9A56-427C-9F8E-A2A6F6DD0AEE}.Release|iPhone.Build.0 = Release|Any CPU
		{A46F3C23-9A56-427C-9F8E-A2A6F6DD0AEE}.Release|iPhoneSimulator.ActiveCfg = Release|Any CPU
		{A46F3C23-9A56-427C-9F8E-A2A6F6DD0AEE}.Release|iPhoneSimulator.Build.0 = Release|Any CPU
		{A46F3C23-9A56-427C-9F8E-A2A6F6DD0AEE}.Release|x64.ActiveCfg = Release|Any CPU
		{A46F3C23-9A56-427C-9F8E-A2A6F6DD0AEE}.Release|x64.Build.0 = Release|Any CPU
		{A46F3C23-9A56-427C-9F8E-A2A6F6DD0AEE}.Release|x86.ActiveCfg = Release|Any CPU
		{A46F3C23-9A56-427C-9F8E-A2A6F6DD0AEE}.Release|x86.Build.0 = Release|Any CPU
		{D848BA26-6435-46A4-AA59-AA77915C3E33}.Debug|Any CPU.ActiveCfg = Debug|Any CPU
		{D848BA26-6435-46A4-AA59-AA77915C3E33}.Debug|Any CPU.Build.0 = Debug|Any CPU
		{D848BA26-6435-46A4-AA59-AA77915C3E33}.Debug|Any CPU.Deploy.0 = Debug|Any CPU
		{D848BA26-6435-46A4-AA59-AA77915C3E33}.Debug|ARM.ActiveCfg = Debug|Any CPU
		{D848BA26-6435-46A4-AA59-AA77915C3E33}.Debug|ARM.Build.0 = Debug|Any CPU
		{D848BA26-6435-46A4-AA59-AA77915C3E33}.Debug|ARM.Deploy.0 = Debug|Any CPU
		{D848BA26-6435-46A4-AA59-AA77915C3E33}.Debug|iPhone.ActiveCfg = Debug|Any CPU
		{D848BA26-6435-46A4-AA59-AA77915C3E33}.Debug|iPhone.Build.0 = Debug|Any CPU
		{D848BA26-6435-46A4-AA59-AA77915C3E33}.Debug|iPhone.Deploy.0 = Debug|Any CPU
		{D848BA26-6435-46A4-AA59-AA77915C3E33}.Debug|iPhoneSimulator.ActiveCfg = Debug|Any CPU
		{D848BA26-6435-46A4-AA59-AA77915C3E33}.Debug|iPhoneSimulator.Build.0 = Debug|Any CPU
		{D848BA26-6435-46A4-AA59-AA77915C3E33}.Debug|iPhoneSimulator.Deploy.0 = Debug|Any CPU
		{D848BA26-6435-46A4-AA59-AA77915C3E33}.Debug|x64.ActiveCfg = Debug|Any CPU
		{D848BA26-6435-46A4-AA59-AA77915C3E33}.Debug|x64.Build.0 = Debug|Any CPU
		{D848BA26-6435-46A4-AA59-AA77915C3E33}.Debug|x64.Deploy.0 = Debug|Any CPU
		{D848BA26-6435-46A4-AA59-AA77915C3E33}.Debug|x86.ActiveCfg = Debug|Any CPU
		{D848BA26-6435-46A4-AA59-AA77915C3E33}.Debug|x86.Build.0 = Debug|Any CPU
		{D848BA26-6435-46A4-AA59-AA77915C3E33}.Debug|x86.Deploy.0 = Debug|Any CPU
		{D848BA26-6435-46A4-AA59-AA77915C3E33}.Release|Any CPU.ActiveCfg = Release|Any CPU
		{D848BA26-6435-46A4-AA59-AA77915C3E33}.Release|Any CPU.Build.0 = Release|Any CPU
		{D848BA26-6435-46A4-AA59-AA77915C3E33}.Release|Any CPU.Deploy.0 = Release|Any CPU
		{D848BA26-6435-46A4-AA59-AA77915C3E33}.Release|ARM.ActiveCfg = Release|Any CPU
		{D848BA26-6435-46A4-AA59-AA77915C3E33}.Release|ARM.Build.0 = Release|Any CPU
		{D848BA26-6435-46A4-AA59-AA77915C3E33}.Release|ARM.Deploy.0 = Release|Any CPU
		{D848BA26-6435-46A4-AA59-AA77915C3E33}.Release|iPhone.ActiveCfg = Release|Any CPU
		{D848BA26-6435-46A4-AA59-AA77915C3E33}.Release|iPhone.Build.0 = Release|Any CPU
		{D848BA26-6435-46A4-AA59-AA77915C3E33}.Release|iPhone.Deploy.0 = Release|Any CPU
		{D848BA26-6435-46A4-AA59-AA77915C3E33}.Release|iPhoneSimulator.ActiveCfg = Release|Any CPU
		{D848BA26-6435-46A4-AA59-AA77915C3E33}.Release|iPhoneSimulator.Build.0 = Release|Any CPU
		{D848BA26-6435-46A4-AA59-AA77915C3E33}.Release|iPhoneSimulator.Deploy.0 = Release|Any CPU
		{D848BA26-6435-46A4-AA59-AA77915C3E33}.Release|x64.ActiveCfg = Release|Any CPU
		{D848BA26-6435-46A4-AA59-AA77915C3E33}.Release|x64.Build.0 = Release|Any CPU
		{D848BA26-6435-46A4-AA59-AA77915C3E33}.Release|x64.Deploy.0 = Release|Any CPU
		{D848BA26-6435-46A4-AA59-AA77915C3E33}.Release|x86.ActiveCfg = Release|Any CPU
		{D848BA26-6435-46A4-AA59-AA77915C3E33}.Release|x86.Build.0 = Release|Any CPU
		{D848BA26-6435-46A4-AA59-AA77915C3E33}.Release|x86.Deploy.0 = Release|Any CPU
	EndGlobalSection
	GlobalSection(SolutionProperties) = preSolution
		HideSolutionNode = FALSE
	EndGlobalSection
	GlobalSection(NestedProjects) = preSolution
		{A46F3C23-9A56-427C-9F8E-A2A6F6DD0AEE} = {B78EB441-F42B-4035-AEF6-26315FB47285}
		{D848BA26-6435-46A4-AA59-AA77915C3E33} = {B78EB441-F42B-4035-AEF6-26315FB47285}
	EndGlobalSection
	GlobalSection(ExtensibilityGlobals) = postSolution
		SolutionGuid = {6A7EE935-B829-4B59-81CC-9BD449EE1B89}
	EndGlobalSection
EndGlobal
