
Microsoft Visual Studio Solution File, Format Version 12.00
# Visual Studio Version 16
VisualStudioVersion = 16.0.30804.86
MinimumVisualStudioVersion = 10.0.40219.1
Project("{9A19103F-16F7-4668-BE54-9A1E7A4F7556}") = "MpesaSdk", "MpesaSdk\MpesaSdk.csproj", "{51BC5B6C-315B-4E5B-BA12-0690FEBF037B}"
EndProject
Project("{2150E333-8FDC-42A3-9474-1A3956D46DE8}") = "Samples", "Samples", "{B78EB441-F42B-4035-AEF6-26315FB47285}"
EndProject
Project("{FAE04EC0-301F-11D3-BF4B-00C04F79EFBC}") = "MpesaSdk.Web", "Samples\MpesaSdk.Web\MpesaSdk.Web.csproj", "{A46F3C23-9A56-427C-9F8E-A2A6F6DD0AEE}"
EndProject
Global
	GlobalSection(SolutionConfigurationPlatforms) = preSolution
		Debug|Any CPU = Debug|Any CPU
		Release|Any CPU = Release|Any CPU
	EndGlobalSection
	GlobalSection(ProjectConfigurationPlatforms) = postSolution
		{51BC5B6C-315B-4E5B-BA12-0690FEBF037B}.Debug|Any CPU.ActiveCfg = Debug|Any CPU
		{51BC5B6C-315B-4E5B-BA12-0690FEBF037B}.Debug|Any CPU.Build.0 = Debug|Any CPU
		{51BC5B6C-315B-4E5B-BA12-0690FEBF037B}.Release|Any CPU.ActiveCfg = Release|Any CPU
		{51BC5B6C-315B-4E5B-BA12-0690FEBF037B}.Release|Any CPU.Build.0 = Release|Any CPU
		{A46F3C23-9A56-427C-9F8E-A2A6F6DD0AEE}.Debug|Any CPU.ActiveCfg = Debug|Any CPU
		{A46F3C23-9A56-427C-9F8E-A2A6F6DD0AEE}.Debug|Any CPU.Build.0 = Debug|Any CPU
		{A46F3C23-9A56-427C-9F8E-A2A6F6DD0AEE}.Release|Any CPU.ActiveCfg = Release|Any CPU
		{A46F3C23-9A56-427C-9F8E-A2A6F6DD0AEE}.Release|Any CPU.Build.0 = Release|Any CPU
	EndGlobalSection
	GlobalSection(SolutionProperties) = preSolution
		HideSolutionNode = FALSE
	EndGlobalSection
	GlobalSection(NestedProjects) = preSolution
		{A46F3C23-9A56-427C-9F8E-A2A6F6DD0AEE} = {B78EB441-F42B-4035-AEF6-26315FB47285}
	EndGlobalSection
	GlobalSection(ExtensibilityGlobals) = postSolution
		SolutionGuid = {6A7EE935-B829-4B59-81CC-9BD449EE1B89}
	EndGlobalSection
EndGlobal
